
Microsoft Visual Studio Solution File, Format Version 12.00
# Visual Studio Version 16
VisualStudioVersion = 25.0.1706.1
MinimumVisualStudioVersion = 10.0.40219.1
Project("{FAE04EC0-301F-11D3-BF4B-00C04F79EFBC}") = "ApolloMusic.Api", "ApolloMusic\ApolloMusic.Api.csproj", "{2628919C-3D16-430F-B0A0-A4330EDC14FA}"
EndProject

Global
	GlobalSection(SolutionConfigurationPlatforms) = preSolution
		Debug|Any CPU = Debug|Any CPU
		Release|Any CPU = Release|Any CPU
	EndGlobalSection
	GlobalSection(ProjectConfigurationPlatforms) = postSolution
		{2628919C-3D16-430F-B0A0-A4330EDC14FA}.Debug|Any CPU.ActiveCfg = Debug|Any CPU
		{2628919C-3D16-430F-B0A0-A4330EDC14FA}.Debug|Any CPU.Build.0 = Debug|Any CPU
		{2628919C-3D16-430F-B0A0-A4330EDC14FA}.Release|Any CPU.ActiveCfg = Release|Any CPU
		{2628919C-3D16-430F-B0A0-A4330EDC14FA}.Release|Any CPU.Build.0 = Release|Any CPU
		{B5B0EA84-4F52-446B-B200-E9E0A905D7CF}.Debug|Any CPU.ActiveCfg = Debug|Any CPU
		{B5B0EA84-4F52-446B-B200-E9E0A905D7CF}.Debug|Any CPU.Build.0 = Debug|Any CPU
		{B5B0EA84-4F52-446B-B200-E9E0A905D7CF}.Release|Any CPU.ActiveCfg = Release|Any CPU
		{B5B0EA84-4F52-446B-B200-E9E0A905D7CF}.Release|Any CPU.Build.0 = Release|Any CPU
	EndGlobalSection
	GlobalSection(SolutionProperties) = preSolution
		HideSolutionNode = FALSE
	EndGlobalSection
	GlobalSection(ExtensibilityGlobals) = postSolution
		SolutionGuid = {9183757B-770A-4AA7-AB9C-049C7BF9708C}
	EndGlobalSection
EndGlobal
